
Microsoft Visual Studio Solution File, Format Version 12.00
# Visual Studio Version 17
VisualStudioVersion = 17.9.34728.123
MinimumVisualStudioVersion = 10.0.40219.1
Project("{FAE04EC0-301F-11D3-BF4B-00C04F79EFBC}") = "Telecomunicaciones_Sistema", "Telecomunicaciones_Sistema\Telecomunicaciones_Sistema.csproj", "{5DDCB2F2-A9A6-4D66-B836-54269C1B4C2C}"
EndProject
Project("{54435603-DBB4-11D2-8724-00A0C9A8B90C}") = "Instalador", "Instalador\Instalador.vdproj", "{3F141B0E-7A85-4F54-84D7-D5B34D9ACEA8}"
EndProject
Global
	GlobalSection(SolutionConfigurationPlatforms) = preSolution
		Debug|Any CPU = Debug|Any CPU
		Release|Any CPU = Release|Any CPU
	EndGlobalSection
	GlobalSection(ProjectConfigurationPlatforms) = postSolution
		{5DDCB2F2-A9A6-4D66-B836-54269C1B4C2C}.Debug|Any CPU.ActiveCfg = Debug|Any CPU
		{5DDCB2F2-A9A6-4D66-B836-54269C1B4C2C}.Debug|Any CPU.Build.0 = Debug|Any CPU
		{5DDCB2F2-A9A6-4D66-B836-54269C1B4C2C}.Release|Any CPU.ActiveCfg = Release|Any CPU
		{5DDCB2F2-A9A6-4D66-B836-54269C1B4C2C}.Release|Any CPU.Build.0 = Release|Any CPU
		{3F141B0E-7A85-4F54-84D7-D5B34D9ACEA8}.Debug|Any CPU.ActiveCfg = Debug
		{3F141B0E-7A85-4F54-84D7-D5B34D9ACEA8}.Release|Any CPU.ActiveCfg = Release
	EndGlobalSection
	GlobalSection(SolutionProperties) = preSolution
		HideSolutionNode = FALSE
	EndGlobalSection
	GlobalSection(ExtensibilityGlobals) = postSolution
		SolutionGuid = {F1E64CEA-759E-4F31-B119-61934507B440}
	EndGlobalSection
EndGlobal
